
Microsoft Visual Studio Solution File, Format Version 12.00
# Visual Studio Version 17
VisualStudioVersion = 17.14.36203.30 d17.14
MinimumVisualStudioVersion = 10.0.40219.1
Project("{FAE04EC0-301F-11D3-BF4B-00C04F79EFBC}") = "Advanced API-BSDi-csharp-BDD", "Advanced API-BSDi-csharp-BDD\Advanced API-BSDi-csharp-BDD.csproj", "{D74465E9-A8F7-4B60-90FB-F6850DF4DBD1}"
EndProject
Global
	GlobalSection(SolutionConfigurationPlatforms) = preSolution
		Debug|Any CPU = Debug|Any CPU
		Release|Any CPU = Release|Any CPU
	EndGlobalSection
	GlobalSection(ProjectConfigurationPlatforms) = postSolution
		{D74465E9-A8F7-4B60-90FB-F6850DF4DBD1}.Debug|Any CPU.ActiveCfg = Debug|Any CPU
		{D74465E9-A8F7-4B60-90FB-F6850DF4DBD1}.Debug|Any CPU.Build.0 = Debug|Any CPU
		{D74465E9-A8F7-4B60-90FB-F6850DF4DBD1}.Release|Any CPU.ActiveCfg = Release|Any CPU
		{D74465E9-A8F7-4B60-90FB-F6850DF4DBD1}.Release|Any CPU.Build.0 = Release|Any CPU
	EndGlobalSection
	GlobalSection(SolutionProperties) = preSolution
		HideSolutionNode = FALSE
	EndGlobalSection
	GlobalSection(ExtensibilityGlobals) = postSolution
		SolutionGuid = {8386EA49-7688-4E62-8B3B-A8759511B4A5}
	EndGlobalSection
EndGlobal
